{
  "requires": true,
  "lockfileVersion": 1,
  "dependencies": {
    "sed": {
      "version": "0.0.1",
      "resolved": "https://registry.npmjs.org/sed/-/sed-0.0.1.tgz",
      "integrity": "sha512-eWy0FQtXOs4obQFKRO0AnXNM7SrY18UOtdBRCjYRYRrUBnA5j7/Ky/tsf1XLhw+JioIxoYLdOYNI5Ts6bjkpkg=="
    }
  }
}
